
Microsoft Visual Studio Solution File, Format Version 12.00
# Visual Studio Version 17
VisualStudioVersion = 17.6.33723.286
MinimumVisualStudioVersion = 10.0.40219.1
Project("{8BC9CEB8-8B4A-11D0-8D11-00A0C91BC942}") = "proj", "proj\proj.vcxproj", "{26499AFA-9937-4BE6-A72E-4D782CAEA591}"
EndProject
Global
	GlobalSection(SolutionConfigurationPlatforms) = preSolution
		Debug|x64 = Debug|x64
		Debug|x86 = Debug|x86
		Release|x64 = Release|x64
		Release|x86 = Release|x86
	EndGlobalSection
	GlobalSection(ProjectConfigurationPlatforms) = postSolution
		{26499AFA-9937-4BE6-A72E-4D782CAEA591}.Debug|x64.ActiveCfg = Debug|x64
		{26499AFA-9937-4BE6-A72E-4D782CAEA591}.Debug|x64.Build.0 = Debug|x64
		{26499AFA-9937-4BE6-A72E-4D782CAEA591}.Debug|x86.ActiveCfg = Debug|Win32
		{26499AFA-9937-4BE6-A72E-4D782CAEA591}.Debug|x86.Build.0 = Debug|Win32
		{26499AFA-9937-4BE6-A72E-4D782CAEA591}.Release|x64.ActiveCfg = Release|x64
		{26499AFA-9937-4BE6-A72E-4D782CAEA591}.Release|x64.Build.0 = Release|x64
		{26499AFA-9937-4BE6-A72E-4D782CAEA591}.Release|x86.ActiveCfg = Release|Win32
		{26499AFA-9937-4BE6-A72E-4D782CAEA591}.Release|x86.Build.0 = Release|Win32
	EndGlobalSection
	GlobalSection(SolutionProperties) = preSolution
		HideSolutionNode = FALSE
	EndGlobalSection
	GlobalSection(ExtensibilityGlobals) = postSolution
		SolutionGuid = {71C4ADFB-918E-40BA-A44B-04D32B0E4F1E}
	EndGlobalSection
EndGlobal
